# This file is autogenerated, do not edit; changes may be undone by the next 'dep ensure'.


[[projects]]
  digest = "1:9f3b30d9f8e0d7040f729b82dcbc8f0dead820a133b3147ce355fc451f32d761"
  name = "github.com/BurntSushi/toml"
  packages = ["."]
  pruneopts = "UT"
  revision = "3012a1dbe2e4bd1391d42b32f0577cb7bbc7f005"
  version = "v0.3.1"

[[projects]]
  branch = "master"
  digest = "1:da6b9c16fb5e97523f153981486c7541cf36543be2f246e258973d8e58a801dc"
  name = "github.com/OpenPeeDeeP/depguard"
  packages = ["."]
  pruneopts = "UT"
  revision = "a69c782687b207067fa0e371408bb18f38e1355f"

[[projects]]
  branch = "master"
  digest = "1:113e612ba7aabddedfd80de0d00c1d589b8a9fdb1c16e8d152d10339fda2653a"
  name = "github.com/aeternas/SwadeshNess-packages"
  packages = [
    "dto",
    "language",
  ]
  pruneopts = "UT"
  revision = "a6c8514b9aeec5bf973cee627b20419fb393f3ca"

[[projects]]
  digest = "1:865079840386857c809b72ce300be7580cb50d3d3129ce11bf9aa6ca2bc1934a"
  name = "github.com/fatih/color"
  packages = ["."]
  pruneopts = "UT"
  revision = "5b77d2a35fb0ede96d138fc9a99f5c9b6aef11b4"
  version = "v1.7.0"

[[projects]]
  digest = "1:abeb38ade3f32a92943e5be54f55ed6d6e3b6602761d74b4aab4c9dd45c18abd"
  name = "github.com/fsnotify/fsnotify"
  packages = ["."]
  pruneopts = "UT"
  revision = "c2828203cd70a50dcccfb2761f8b1f8ceef9a8e9"
  version = "v1.4.7"

[[projects]]
  digest = "1:b57b6448d97d626ca173056800c194c7cc7f1f6f6590eafd18fe86dfb434f080"
  name = "github.com/go-critic/go-critic"
  packages = [
    "checkers",
    "checkers/internal/lintutil",
  ]
  pruneopts = "UT"
  revision = "d7b3038bc7a1c35a1d02fdd7cf4094f0f1a12001"
  version = "v0.3.4"

[[projects]]
  digest = "1:f12f53369294649f9d5046d1e8a40187ad36584201a9e1a135bf44589df1deb8"
  name = "github.com/go-lintpack/lintpack"
  packages = [
    ".",
    "astwalk",
  ]
  pruneopts = "UT"
  revision = "80adc0715ac409128d0b7212719896ad8d3444b7"
  version = "v0.5.2"

[[projects]]
  digest = "1:b9a8d81ce273b216a3ad70ff95d98179ec2f5392523a9a305b3e38c70ca9d361"
  name = "github.com/go-toolsmith/astcast"
  packages = ["."]
  pruneopts = "UT"
  revision = "a6cb19f07b66b859a53f3f2be6e4c3bba892db7e"
  version = "v1.0.0"

[[projects]]
  digest = "1:bd091673b35859ad8f831a5b3c961805e108be72d0778b9d07fd383e59ab4287"
  name = "github.com/go-toolsmith/astcopy"
  packages = ["."]
  pruneopts = "UT"
  revision = "245af3020944a15e09072c8ad3883c1451d1fdef"
  version = "v1.0.0"

[[projects]]
  digest = "1:db8123e0896cf805cb30c7bacad0b1a1d562edbbcd2a765ceda1af926c9a99a4"
  name = "github.com/go-toolsmith/astequal"
  packages = ["."]
  pruneopts = "UT"
  revision = "dcb477bfacd6e00a13c6d63bfc73db28dd343160"
  version = "v1.0.0"

[[projects]]
  digest = "1:1ef70bd4e2d06e76470c3cb43b89020201dcb0b4a409d9a961df77cfaf5ae3a8"
  name = "github.com/go-toolsmith/astfmt"
  packages = ["."]
  pruneopts = "UT"
  revision = "0d74c731079884bda287cf8df9ce7b92e688af8c"
  version = "v1.0.0"

[[projects]]
  digest = "1:f2def520d33d9ba100161b0d2101f98b2104e62bafd3e45ae5deca271ac84000"
  name = "github.com/go-toolsmith/astp"
  packages = ["."]
  pruneopts = "UT"
  revision = "6373270dee65bfb0479f2acd16d4c8e9d5db13f8"
  version = "v1.0.0"

[[projects]]
  digest = "1:aba9fa7c6dacad505e95d984ec0b07f6b5a4691ed2f4ff36c7b732b3704627a3"
  name = "github.com/go-toolsmith/strparse"
  packages = ["."]
  pruneopts = "UT"
  revision = "830b6daa1241714c12a9b9a4a56849fe2f93aedc"
  version = "v1.0.0"

[[projects]]
  digest = "1:a51f9845b0dec6e372e229395e019cab7c032711c6ca3ec1895a58bfdf760962"
  name = "github.com/go-toolsmith/typep"
  packages = ["."]
  pruneopts = "UT"
  revision = "cab1745ffd84a567b524317c7f90e96755b18fcf"
  version = "v1.0.0"

[[projects]]
  digest = "1:9ae31ce33b4bab257668963e844d98765b44160be4ee98cafc44637a213e530d"
  name = "github.com/gobwas/glob"
  packages = [
    ".",
    "compiler",
    "match",
    "syntax",
    "syntax/ast",
    "syntax/lexer",
    "util/runes",
    "util/strings",
  ]
  pruneopts = "UT"
  revision = "5ccd90ef52e1e632236f7326478d4faa74f99438"
  version = "v0.2.3"

[[projects]]
  digest = "1:bbadccf3d3317ea03c0dac0b45b673b4b397c8f91a1d2eff550a3c51c4ad770e"
  name = "github.com/gogo/protobuf"
  packages = ["proto"]
  pruneopts = "UT"
  revision = "636bf0302bc95575d69441b25a2603156ffdddf1"
  version = "v1.1.1"

[[projects]]
  digest = "1:bc38c7c481812e178d85160472e231c5e1c9a7f5845d67e23ee4e706933c10d8"
  name = "github.com/golang/mock"
  packages = ["gomock"]
  pruneopts = "UT"
  revision = "c34cdb4725f4c3844d095133c6e40e448b86589b"
  version = "v1.1.1"

[[projects]]
  branch = "master"
  digest = "1:c173565780edcf5d43c5f983be0e9085266764465422d4ad230355abd2e0d252"
  name = "github.com/golangci/check"
  packages = [
    "cmd/structcheck",
    "cmd/varcheck",
  ]
  pruneopts = "UT"
  revision = "cfe4005ccda277a820149d44d6ededc400cc99a2"

[[projects]]
  branch = "master"
  digest = "1:efb8cf3f0c2f47844104d6e879fc77d846649df794e378cae50e749fad1bb1dc"
  name = "github.com/golangci/dupl"
  packages = [
    ".",
    "job",
    "printer",
    "suffixtree",
    "syntax",
    "syntax/golang",
  ]
  pruneopts = "UT"
  revision = "3e9179ac440a0386ac7cc9a085fc44397c6b9bbc"

[[projects]]
  branch = "master"
  digest = "1:974bb21c8811f4353bd499c71c9b47da05710f80629201448a328a6b6344ed5e"
  name = "github.com/golangci/errcheck"
  packages = [
    "golangci",
    "internal/errcheck",
  ]
  pruneopts = "UT"
  revision = "1765131d5be500f6904592495b9a6eb456c74800"

[[projects]]
  branch = "master"
  digest = "1:f63d85b6e551b6c8aa3ed2e42b64db15f5b525bdb01fa36af18288f1de4c859b"
  name = "github.com/golangci/go-misc"
  packages = ["deadcode"]
  pruneopts = "UT"
  revision = "927a3d87b613e9f6f0fb7ef8bb8de8b83c30a5a2"

[[projects]]
  branch = "master"
  digest = "1:cc3a79e8819804582643d37b0664f3fa501dd0b6be958ebe77677e2f69aaba95"
  name = "github.com/golangci/go-tools"
  packages = [
    "arg",
    "callgraph",
    "callgraph/static",
    "config",
    "deprecated",
    "functions",
    "internal/sharedcheck",
    "lint",
    "lint/lintdsl",
    "lint/lintutil",
    "lint/lintutil/format",
    "simple",
    "ssa",
    "ssa/ssautil",
    "ssautil",
    "staticcheck",
    "staticcheck/vrp",
    "stylecheck",
    "unused",
    "version",
  ]
  pruneopts = "UT"
  revision = "35a9f45a5db090b0227d692d823151104cd695fa"

[[projects]]
  branch = "master"
  digest = "1:e1b9fbecb1d985f291dbca59767070fe899f38d1b40f7e9433f9a42b7fb3bd4e"
  name = "github.com/golangci/goconst"
  packages = ["."]
  pruneopts = "UT"
  revision = "041c5f2b40f3dd334a4a6ee6a3f84ca3fc70680a"

[[projects]]
  branch = "master"
  digest = "1:431fd101ab780d1916262a582e241d01cbcbca10f7d85ebdd4ba339b8485483e"
  name = "github.com/golangci/gocyclo"
  packages = ["pkg/gocyclo"]
  pruneopts = "UT"
  revision = "0a533e8fa43d6605069e94f455bf9d79d4b8ea8c"

[[projects]]
  branch = "master"
  digest = "1:7fa19fb714538cab3783505a0aca7b8e970d30f5149a13a8adcb37290a2e570a"
  name = "github.com/golangci/gofmt"
  packages = [
    "gofmt",
    "goimports",
  ]
  pruneopts = "UT"
  revision = "f021c4179c8204f48aa93990e6badea1b3f9446d"

[[projects]]
  digest = "1:34bfda02f99f8fe27906de92ea28b9d04e4b620ffe679519c6c301211047f45a"
  name = "github.com/golangci/golangci-lint"
  packages = [
    "cmd/golangci-lint",
    "pkg/commands",
    "pkg/config",
    "pkg/exitcodes",
    "pkg/fsutils",
    "pkg/golinters",
    "pkg/golinters/goanalysis",
    "pkg/golinters/goanalysis/checker",
    "pkg/golinters/goanalysis/passes/nilness",
    "pkg/goutil",
    "pkg/lint",
    "pkg/lint/astcache",
    "pkg/lint/linter",
    "pkg/lint/lintersdb",
    "pkg/logutils",
    "pkg/packages",
    "pkg/printers",
    "pkg/report",
    "pkg/result",
    "pkg/result/processors",
    "pkg/timeutils",
  ]
  pruneopts = "UT"
  revision = "97ea1cbb21bbf5e4d0e8bcc0f9243385e9262dcc"
  version = "v1.16.0"

[[projects]]
  branch = "master"
  digest = "1:bf573d0637989470dee90e11a6ea87b5de1ddb7a435334b80656b0df05b0630b"
  name = "github.com/golangci/gosec"
  packages = [
    ".",
    "rules",
  ]
  pruneopts = "UT"
  revision = "8afd9cbb6cfb34a3b4d4d5711bafdc6640ae892f"

[[projects]]
  branch = "master"
  digest = "1:3a5ea92f78579dfd319260ce995575c07890c8aff429035637287a00da664647"
  name = "github.com/golangci/ineffassign"
  packages = ["."]
  pruneopts = "UT"
  revision = "2ee8f2867dde308c46d401d6d30f6c644094b167"

[[projects]]
  branch = "master"
  digest = "1:fdc1b377c447d5168fc335f30de8d55333ccebfa64ce97b9e03b6cb1ce14b178"
  name = "github.com/golangci/lint-1"
  packages = ["."]
  pruneopts = "UT"
  revision = "4bf9709227d15e5f14c84a381e315a4695c4a372"

[[projects]]
  branch = "master"
  digest = "1:8665edfb3c5371fbac9820d127fa0d9aed813cc2349a27a7d16064dd89fed146"
  name = "github.com/golangci/maligned"
  packages = ["."]
  pruneopts = "UT"
  revision = "b1d89398deca2fd3f8578e5a9551e819bd01ca5f"

[[projects]]
  digest = "1:73dfedbcb6b348638ef0066766a9e7d8f6cfc5cfcb3a8e00ceb631a4bca73cf1"
  name = "github.com/golangci/misspell"
  packages = ["."]
  pruneopts = "UT"
  revision = "b90dc15cfd220ecf8bbc9043ecb928cef381f011"
  version = "v0.3.4"

[[projects]]
  branch = "master"
  digest = "1:6bc38b03a76ac4ce44482b437c6a31ec441e494abd271d63722f99ac2e7e9e80"
  name = "github.com/golangci/prealloc"
  packages = ["."]
  pruneopts = "UT"
  revision = "215b22d4de21190b80ce05e7d8466677c1aa3223"

[[projects]]
  branch = "master"
  digest = "1:6bea17ec2cee4996145d70cffbee98330adc2bfc24107373953a250abca159ff"
  name = "github.com/golangci/revgrep"
  packages = ["."]
  pruneopts = "UT"
  revision = "276a5c0a103935ee65af49afc254a65335bf1fcf"

[[projects]]
  branch = "master"
  digest = "1:d6b4b061c2364385056837c928c99b090ce914354330e7765db226b644d7b9ed"
  name = "github.com/golangci/tools"
  packages = [
    "imports",
    "internal/fastwalk",
    "internal/gopathwalk",
  ]
  pruneopts = "UT"
  revision = "ed64e33c8c8bc9a919e2b85a1a08225b5ae59d70"

[[projects]]
  branch = "master"
  digest = "1:c553e7c7483f2d6db1e84a27a18df144ed4041792d7556916369f86ccf5409fe"
  name = "github.com/golangci/unconvert"
  packages = ["."]
  pruneopts = "UT"
  revision = "28b1c447d1f4a810737ee6ab40ea6c1d0ceae4ad"

[[projects]]
  digest = "1:c0d19ab64b32ce9fe5cf4ddceba78d5bc9807f0016db6b1183599da3dcc24d10"
  name = "github.com/hashicorp/hcl"
  packages = [
    ".",
    "hcl/ast",
    "hcl/parser",
    "hcl/printer",
    "hcl/scanner",
    "hcl/strconv",
    "hcl/token",
    "json/parser",
    "json/scanner",
    "json/token",
  ]
  pruneopts = "UT"
  revision = "8cb6e5b959231cc1119e43259c4a608f9c51a241"
  version = "v1.0.0"

[[projects]]
  digest = "1:870d441fe217b8e689d7949fef6e43efbc787e50f200cb1e70dbca9204a1d6be"
  name = "github.com/inconshreveable/mousetrap"
  packages = ["."]
  pruneopts = "UT"
  revision = "76626ae9c91c4f2a10f34cad8ce83ea42c93bb75"
  version = "v1.0"

[[projects]]
  digest = "1:15ec2166e33ef6c60b344a04d050eec79193517e7f5082b6233b2d09ef0d10b8"
  name = "github.com/kisielk/gotool"
  packages = [
    ".",
    "internal/load",
  ]
  pruneopts = "UT"
  revision = "80517062f582ea3340cd4baf70e86d539ae7d84d"
  version = "v1.0.0"

[[projects]]
  digest = "1:0a69a1c0db3591fcefb47f115b224592c8dfa4368b7ba9fae509d5e16cdc95c8"
  name = "github.com/konsorten/go-windows-terminal-sequences"
  packages = ["."]
  pruneopts = "UT"
  revision = "5c8c8bd35d3832f5d134ae1e1e375b69a4d25242"
  version = "v1.0.1"

[[projects]]
  digest = "1:c568d7727aa262c32bdf8a3f7db83614f7af0ed661474b24588de635c20024c7"
  name = "github.com/magiconair/properties"
  packages = ["."]
  pruneopts = "UT"
  revision = "c2353362d570a7bfa228149c62842019201cfb71"
  version = "v1.8.0"

[[projects]]
  digest = "1:c658e84ad3916da105a761660dcaeb01e63416c8ec7bc62256a9b411a05fcd67"
  name = "github.com/mattn/go-colorable"
  packages = ["."]
  pruneopts = "UT"
  revision = "167de6bfdfba052fa6b2d3664c8f5272e23c9072"
  version = "v0.0.9"

[[projects]]
  digest = "1:0981502f9816113c9c8c4ac301583841855c8cf4da8c72f696b3ebedf6d0e4e5"
  name = "github.com/mattn/go-isatty"
  packages = ["."]
  pruneopts = "UT"
  revision = "6ca4dbf54d38eea1a992b3c722a76a5d1c4cb25c"
  version = "v0.0.4"

[[projects]]
  digest = "1:5d231480e1c64a726869bc4142d270184c419749d34f167646baa21008eb0a79"
  name = "github.com/mitchellh/go-homedir"
  packages = ["."]
  pruneopts = "UT"
  revision = "af06845cf3004701891bf4fdb884bfe4920b3727"
  version = "v1.1.0"

[[projects]]
  digest = "1:53bc4cd4914cd7cd52139990d5170d6dc99067ae31c56530621b18b35fc30318"
  name = "github.com/mitchellh/mapstructure"
  packages = ["."]
  pruneopts = "UT"
  revision = "3536a929edddb9a5b34bd6861dc4a9647cb459fe"
  version = "v1.1.2"

[[projects]]
  digest = "1:66b0a65aba488ca6c72f77132d5b8d7e2c5baf07d577dee64502b69a2c90c791"
  name = "github.com/nbutton23/zxcvbn-go"
  packages = [
    ".",
    "adjacency",
    "data",
    "entropy",
    "frequency",
    "match",
    "matching",
    "scoring",
    "utils/math",
  ]
  pruneopts = "UT"
  revision = "eafdab6b0663b4b528c35975c8b0e78be6e25261"
  version = "v0.1"

[[projects]]
  digest = "1:95741de3af260a92cc5c7f3f3061e85273f5a81b5db20d4bd68da74bd521675e"
  name = "github.com/pelletier/go-toml"
  packages = ["."]
  pruneopts = "UT"
  revision = "c01d1270ff3e442a8a57cddc1c92dc1138598194"
  version = "v1.2.0"

[[projects]]
  digest = "1:40e195917a951a8bf867cd05de2a46aaf1806c50cf92eebf4c16f78cd196f747"
  name = "github.com/pkg/errors"
  packages = ["."]
  pruneopts = "UT"
  revision = "645ef00459ed84a119197bfb8d8205042c6df63d"
  version = "v0.8.0"

[[projects]]
  digest = "1:69b1cc331fca23d702bd72f860c6a647afd0aa9fcbc1d0659b1365e26546dd70"
  name = "github.com/sirupsen/logrus"
  packages = ["."]
  pruneopts = "UT"
  revision = "bcd833dfe83d3cebad139e4a29ed79cb2318bf95"
  version = "v1.2.0"

[[projects]]
  digest = "1:6a4a11ba764a56d2758899ec6f3848d24698d48442ebce85ee7a3f63284526cd"
  name = "github.com/spf13/afero"
  packages = [
    ".",
    "mem",
  ]
  pruneopts = "UT"
  revision = "d40851caa0d747393da1ffb28f7f9d8b4eeffebd"
  version = "v1.1.2"

[[projects]]
  digest = "1:08d65904057412fc0270fc4812a1c90c594186819243160dc779a402d4b6d0bc"
  name = "github.com/spf13/cast"
  packages = ["."]
  pruneopts = "UT"
  revision = "8c9545af88b134710ab1cd196795e7f2388358d7"
  version = "v1.3.0"

[[projects]]
  digest = "1:645cabccbb4fa8aab25a956cbcbdf6a6845ca736b2c64e197ca7cbb9d210b939"
  name = "github.com/spf13/cobra"
  packages = ["."]
  pruneopts = "UT"
  revision = "ef82de70bb3f60c65fb8eebacbb2d122ef517385"
  version = "v0.0.3"

[[projects]]
  digest = "1:68ea4e23713989dc20b1bded5d9da2c5f9be14ff9885beef481848edd18c26cb"
  name = "github.com/spf13/jwalterweatherman"
  packages = ["."]
  pruneopts = "UT"
  revision = "4a4406e478ca629068e7768fc33f3f044173c0a6"
  version = "v1.0.0"

[[projects]]
  branch = "master"
  digest = "1:62d4e1f9d7f4118e60e5861560c64a77ae75eebbdaf5dd5fd5b7cacd66099bbd"
  name = "github.com/spf13/pflag"
  packages = ["."]
  pruneopts = "UT"
  revision = "082b515c9490f4eccc758469c3152b77d139f868"

[[projects]]
  digest = "1:214775c11fd26da94a100111a62daa25339198a4f9c57cb4aab352da889f5b93"
  name = "github.com/spf13/viper"
  packages = ["."]
  pruneopts = "UT"
  revision = "2c12c60302a5a0e62ee102ca9bc996277c2f64f5"
  version = "v1.2.1"

[[projects]]
  branch = "master"
  digest = "1:3f3a05ae0b95893d90b9b3b5afdb79a9b3d96e4e36e099d841ae602e4aca0da8"
  name = "golang.org/x/crypto"
  packages = ["ssh/terminal"]
  pruneopts = "UT"
  revision = "4d3f4d9ffa16a13f451c3b2999e9c49e9750bf06"

[[projects]]
  branch = "master"
  digest = "1:76ee51c3f468493aff39dbacc401e8831fbb765104cbf613b89bef01cf4bad70"
  name = "golang.org/x/net"
  packages = ["context"]
  pruneopts = "UT"
  revision = "c10e9556a7bc0e7c942242b606f0acf024ad5d6a"

[[projects]]
  branch = "master"
  digest = "1:417d27a82efb8473554234a282be33d23b0d6adc121e636b55950f913ac071d6"
  name = "golang.org/x/sys"
  packages = [
    "unix",
    "windows",
  ]
  pruneopts = "UT"
  revision = "9b800f95dbbc54abff0acf7ee32d88ba4e328c89"

[[projects]]
  digest = "1:5a8c9713f32ff4b05072d1eb87b1b2c3feacb061c1300519cbe12c946a853500"
  name = "golang.org/x/text"
  packages = [
    "internal/gen",
    "internal/triegen",
    "internal/ucd",
    "transform",
    "unicode/cldr",
    "unicode/norm",
    "width",
  ]
  pruneopts = "UT"
  revision = "f21a4dfb5e38f5895301dc265a8def02365cc3d0"
  version = "v0.3.0"

[[projects]]
  branch = "master"
  digest = "1:3bf2013bfc14022ef0973bec74b71ab10fbfc950e3e72c6e2976732c90abc91b"
  name = "golang.org/x/tools"
  packages = [
    "go/analysis",
    "go/analysis/passes/asmdecl",
    "go/analysis/passes/assign",
    "go/analysis/passes/atomic",
    "go/analysis/passes/atomicalign",
    "go/analysis/passes/bools",
    "go/analysis/passes/buildssa",
    "go/analysis/passes/buildtag",
    "go/analysis/passes/cgocall",
    "go/analysis/passes/composite",
    "go/analysis/passes/copylock",
    "go/analysis/passes/ctrlflow",
    "go/analysis/passes/httpresponse",
    "go/analysis/passes/inspect",
    "go/analysis/passes/internal/analysisutil",
    "go/analysis/passes/loopclosure",
    "go/analysis/passes/lostcancel",
    "go/analysis/passes/nilfunc",
    "go/analysis/passes/printf",
    "go/analysis/passes/shadow",
    "go/analysis/passes/shift",
    "go/analysis/passes/stdmethods",
    "go/analysis/passes/structtag",
    "go/analysis/passes/tests",
    "go/analysis/passes/unmarshal",
    "go/analysis/passes/unreachable",
    "go/analysis/passes/unsafeptr",
    "go/analysis/passes/unusedresult",
    "go/ast/astutil",
    "go/ast/inspector",
    "go/buildutil",
    "go/cfg",
    "go/gcexportdata",
    "go/internal/cgo",
    "go/internal/gcimporter",
    "go/internal/packagesdriver",
    "go/loader",
    "go/packages",
    "go/ssa",
    "go/ssa/ssautil",
    "go/types/typeutil",
    "imports",
    "internal/fastwalk",
    "internal/gopathwalk",
    "internal/imports",
    "internal/module",
    "internal/semver",
  ]
  pruneopts = "UT"
  revision = "0139d5756a7dfc6302f04af275a50cbc37ea0153"

[[projects]]
  digest = "1:342378ac4dcb378a5448dd723f0784ae519383532f5e70ade24132c4c8693202"
  name = "gopkg.in/yaml.v2"
  packages = ["."]
  pruneopts = "UT"
  revision = "5420a8b6744d3b0345ab293f6fcba19c978f1183"
  version = "v2.2.1"

[[projects]]
  branch = "master"
  digest = "1:ef98efcb9462d27d251466fdc89656c5dbc28f4dc6b428a4270c3ba668ea412d"
  name = "mvdan.cc/interfacer"
  packages = ["check"]
  pruneopts = "UT"
  revision = "c20040233aedb03da82d460eca6130fcd91c629a"

[[projects]]
  branch = "master"
  digest = "1:521f15c98723cb42db85f5b83980ffa5f707ddaff12976a0d366e6a6cdd1f791"
  name = "mvdan.cc/lint"
  packages = ["."]
  pruneopts = "UT"
  revision = "adc824a0674b99099789b6188a058d485eaf61c0"

[[projects]]
  branch = "master"
  digest = "1:49663f044145c794116bde2cbcc8045164717b068a3194d26ae2243874de5994"
  name = "mvdan.cc/unparam"
  packages = ["check"]
  pruneopts = "UT"
  revision = "1b9ccfa71afe53433971717161c9666adfc4d8c5"

[[projects]]
  branch = "master"
  digest = "1:6a26dcb8f66d1110d3fa7b1cd097e450631bcd4f7a59a417b0f20d2646934a4a"
  name = "sourcegraph.com/sourcegraph/go-diff"
  packages = ["diff"]
  pruneopts = "UT"
  revision = "119ab63a9fb25c4f02d0bc8088c61bac0f449f7d"

[[projects]]
  digest = "1:ffbeee69d5d01b594a4ca53e359861e3416c70bdbca8d423c72b815f470ecc49"
  name = "sourcegraph.com/sqs/pbtypes"
  packages = ["."]
  pruneopts = "UT"
  revision = "688c2c2cb411327a50aae0f89119af9f38b0fc03"
  version = "v1.0.0"

[solve-meta]
  analyzer-name = "dep"
  analyzer-version = 1
  input-imports = [
    "github.com/aeternas/SwadeshNess-packages/dto",
    "github.com/aeternas/SwadeshNess-packages/language",
    "github.com/golangci/golangci-lint/cmd/golangci-lint",
  ]
  solver-name = "gps-cdcl"
  solver-version = 1
